
Microsoft Visual Studio Solution File, Format Version 12.00
# Visual Studio Version 16
VisualStudioVersion = 16.0.30621.155
MinimumVisualStudioVersion = 10.0.40219.1
Project("{9A19103F-16F7-4668-BE54-9A1E7A4F7556}") = "M80", "M80\M80.csproj", "{47575B90-0455-4EF2-9238-2553DA4A996C}"
EndProject
Project("{9A19103F-16F7-4668-BE54-9A1E7A4F7556}") = "Shared", "Shared\Shared.csproj", "{28CB3156-28EE-40CE-A11C-B37E0A66086A}"
EndProject
Global
	GlobalSection(SolutionConfigurationPlatforms) = preSolution
		Debug|Any CPU = Debug|Any CPU
		Release|Any CPU = Release|Any CPU
	EndGlobalSection
	GlobalSection(ProjectConfigurationPlatforms) = postSolution
		{47575B90-0455-4EF2-9238-2553DA4A996C}.Debug|Any CPU.ActiveCfg = Debug|Any CPU
		{47575B90-0455-4EF2-9238-2553DA4A996C}.Debug|Any CPU.Build.0 = Debug|Any CPU
		{47575B90-0455-4EF2-9238-2553DA4A996C}.Release|Any CPU.ActiveCfg = Release|Any CPU
		{47575B90-0455-4EF2-9238-2553DA4A996C}.Release|Any CPU.Build.0 = Release|Any CPU
		{28CB3156-28EE-40CE-A11C-B37E0A66086A}.Debug|Any CPU.ActiveCfg = Debug|Any CPU
		{28CB3156-28EE-40CE-A11C-B37E0A66086A}.Debug|Any CPU.Build.0 = Debug|Any CPU
		{28CB3156-28EE-40CE-A11C-B37E0A66086A}.Release|Any CPU.ActiveCfg = Release|Any CPU
		{28CB3156-28EE-40CE-A11C-B37E0A66086A}.Release|Any CPU.Build.0 = Release|Any CPU
	EndGlobalSection
	GlobalSection(SolutionProperties) = preSolution
		HideSolutionNode = FALSE
	EndGlobalSection
	GlobalSection(ExtensibilityGlobals) = postSolution
		SolutionGuid = {37EAE5E1-1FB3-45CB-A46F-F9E9E15EFDBE}
	EndGlobalSection
EndGlobal
